{
  "pins" : [
    {
      "identity" : "easymetalshader",
      "kind" : "remoteSourceControl",
      "location" : "https://github.com/yukiny0811/EasyMetalShader.git",
      "state" : {
        "revision" : "a53491d1a725b896570cb7627602f0851c1943b1",
        "version" : "3.2.0"
      }
    },
    {
      "identity" : "fontvertexbuilder",
      "kind" : "remoteSourceControl",
      "location" : "https://github.com/yukiny0811/FontVertexBuilder",
      "state" : {
        "revision" : "c062760f8c063b9449a197daa6b7123333a4049c",
        "version" : "1.2.2"
      }
    },
    {
      "identity" : "simplesimdswift",
      "kind" : "remoteSourceControl",
      "location" : "https://github.com/yukiny0811/SimpleSimdSwift",
      "state" : {
        "revision" : "4a0b195450e42f8a46b0a77f183b1ff116696697",
        "version" : "1.0.1"
      }
    },
    {
      "identity" : "svgpath",
      "kind" : "remoteSourceControl",
      "location" : "https://github.com/nicklockwood/SVGPath",
      "state" : {
        "revision" : "47c65cae8009646157890ded09621a7027dac68c",
        "version" : "1.1.4"
      }
    },
    {
      "identity" : "swift-snapshot-testing",
      "kind" : "remoteSourceControl",
      "location" : "https://github.com/pointfreeco/swift-snapshot-testing",
      "state" : {
        "revision" : "c097f955b4e724690f0fc8ffb7a6d4b881c9c4e3",
        "version" : "1.17.2"
      }
    },
    {
      "identity" : "swift-syntax",
      "kind" : "remoteSourceControl",
      "location" : "https://github.com/apple/swift-syntax.git",
      "state" : {
        "revision" : "64889f0c732f210a935a0ad7cda38f77f876262d",
        "version" : "509.1.1"
      }
    },
    {
      "identity" : "swiftycoretext",
      "kind" : "remoteSourceControl",
      "location" : "https://github.com/yukiny0811/SwiftyCoreText",
      "state" : {
        "revision" : "ed0583f3ecc5c4e4d3ec56c8a9752d6e9a1e9b86",
        "version" : "1.0.0"
      }
    }
  ],
  "version" : 2
}
