{
  "pins" : [
    {
      "identity" : "easymetalshader",
      "kind" : "remoteSourceControl",
      "location" : "https://github.com/yukiny0811/EasyMetalShader.git",
      "state" : {
        "revision" : "d482c6defd91980b78583a4f567f6be9b0533400",
        "version" : "3.1.1"
      }
    },
    {
      "identity" : "fontvertexbuilder",
      "kind" : "remoteSourceControl",
      "location" : "https://github.com/yukiny0811/FontVertexBuilder",
      "state" : {
        "revision" : "b34c94e079cd95b03e44ad0bec962f7526e26530",
        "version" : "1.0.0"
      }
    },
    {
      "identity" : "simplesimdswift",
      "kind" : "remoteSourceControl",
      "location" : "https://github.com/yukiny0811/SimpleSimdSwift",
      "state" : {
        "revision" : "4a0b195450e42f8a46b0a77f183b1ff116696697",
        "version" : "1.0.1"
      }
    },
    {
      "identity" : "swift-snapshot-testing",
      "kind" : "remoteSourceControl",
      "location" : "https://github.com/pointfreeco/swift-snapshot-testing",
      "state" : {
        "revision" : "e7b77228b34057041374ebef00c0fd7739d71a2b",
        "version" : "1.15.3"
      }
    },
    {
      "identity" : "swift-syntax",
      "kind" : "remoteSourceControl",
      "location" : "https://github.com/apple/swift-syntax.git",
      "state" : {
        "revision" : "64889f0c732f210a935a0ad7cda38f77f876262d",
        "version" : "509.1.1"
      }
    },
    {
      "identity" : "swiftycoretext",
      "kind" : "remoteSourceControl",
      "location" : "https://github.com/yukiny0811/SwiftyCoreText",
      "state" : {
        "revision" : "ed0583f3ecc5c4e4d3ec56c8a9752d6e9a1e9b86",
        "version" : "1.0.0"
      }
    }
  ],
  "version" : 2
}
