// !$*UTF8*$!
{
	archiveVersion = 1;
	classes = {
	};
	objectVersion = 56;
	objects = {

/* Begin PBXBuildFile section */
		5643923129A14E2F0053C6E6 /* Sample7.swift in Sources */ = {isa = PBXBuildFile; fileRef = 5643923029A14E2F0053C6E6 /* Sample7.swift */; };
		5643923329A187740053C6E6 /* Sample8.swift in Sources */ = {isa = PBXBuildFile; fileRef = 5643923229A187740053C6E6 /* Sample8.swift */; };
		56694B05298AB8100022C24D /* Sample1.swift in Sources */ = {isa = PBXBuildFile; fileRef = 56694B04298AB8100022C24D /* Sample1.swift */; };
		56694B07298AB8730022C24D /* Sample2.swift in Sources */ = {isa = PBXBuildFile; fileRef = 56694B06298AB8730022C24D /* Sample2.swift */; };
		56694B09298AB8840022C24D /* Sample3.swift in Sources */ = {isa = PBXBuildFile; fileRef = 56694B08298AB8840022C24D /* Sample3.swift */; };
		56694B11298AB8EE0022C24D /* Sample4.swift in Sources */ = {isa = PBXBuildFile; fileRef = 56694B10298AB8EE0022C24D /* Sample4.swift */; };
		566E503B2B6FB551002B98D6 /* Sample9.swift in Sources */ = {isa = PBXBuildFile; fileRef = 566E503A2B6FB551002B98D6 /* Sample9.swift */; };
		5675A0F8294B18A2005C25BD /* SwiftyCreatives in Frameworks */ = {isa = PBXBuildFile; productRef = 5675A0F7294B18A2005C25BD /* SwiftyCreatives */; };
		569A83992999236000F62062 /* Sample6.swift in Sources */ = {isa = PBXBuildFile; fileRef = 569A83982999236000F62062 /* Sample6.swift */; };
		569EBEAE2995583D0090F5AB /* Sample5.swift in Sources */ = {isa = PBXBuildFile; fileRef = 569EBEAD2995583D0090F5AB /* Sample5.swift */; };
		56C53FC7294A645100962DD6 /* ExampleMacOSApp.swift in Sources */ = {isa = PBXBuildFile; fileRef = 56C53FC6294A645100962DD6 /* ExampleMacOSApp.swift */; };
		56C53FCB294A645200962DD6 /* Assets.xcassets in Resources */ = {isa = PBXBuildFile; fileRef = 56C53FCA294A645200962DD6 /* Assets.xcassets */; };
		56C53FCE294A645200962DD6 /* Preview Assets.xcassets in Resources */ = {isa = PBXBuildFile; fileRef = 56C53FCD294A645200962DD6 /* Preview Assets.xcassets */; };
/* End PBXBuildFile section */

/* Begin PBXFileReference section */
		5643923029A14E2F0053C6E6 /* Sample7.swift */ = {isa = PBXFileReference; lastKnownFileType = sourcecode.swift; path = Sample7.swift; sourceTree = "<group>"; };
		5643923229A187740053C6E6 /* Sample8.swift */ = {isa = PBXFileReference; lastKnownFileType = sourcecode.swift; path = Sample8.swift; sourceTree = "<group>"; };
		56694B04298AB8100022C24D /* Sample1.swift */ = {isa = PBXFileReference; lastKnownFileType = sourcecode.swift; path = Sample1.swift; sourceTree = "<group>"; };
		56694B06298AB8730022C24D /* Sample2.swift */ = {isa = PBXFileReference; lastKnownFileType = sourcecode.swift; path = Sample2.swift; sourceTree = "<group>"; };
		56694B08298AB8840022C24D /* Sample3.swift */ = {isa = PBXFileReference; lastKnownFileType = sourcecode.swift; path = Sample3.swift; sourceTree = "<group>"; };
		56694B10298AB8EE0022C24D /* Sample4.swift */ = {isa = PBXFileReference; lastKnownFileType = sourcecode.swift; path = Sample4.swift; sourceTree = "<group>"; };
		566E503A2B6FB551002B98D6 /* Sample9.swift */ = {isa = PBXFileReference; lastKnownFileType = sourcecode.swift; path = Sample9.swift; sourceTree = "<group>"; };
		5675A0F6294B187D005C25BD /* swifty-creatives */ = {isa = PBXFileReference; lastKnownFileType = wrapper; name = "swifty-creatives"; path = ../..; sourceTree = "<group>"; };
		569A83982999236000F62062 /* Sample6.swift */ = {isa = PBXFileReference; lastKnownFileType = sourcecode.swift; path = Sample6.swift; sourceTree = "<group>"; };
		569EBEAD2995583D0090F5AB /* Sample5.swift */ = {isa = PBXFileReference; lastKnownFileType = sourcecode.swift; path = Sample5.swift; sourceTree = "<group>"; };
		56C53FC3294A645100962DD6 /* ExampleMacOSApp.app */ = {isa = PBXFileReference; explicitFileType = wrapper.application; includeInIndex = 0; path = ExampleMacOSApp.app; sourceTree = BUILT_PRODUCTS_DIR; };
		56C53FC6294A645100962DD6 /* ExampleMacOSApp.swift */ = {isa = PBXFileReference; lastKnownFileType = sourcecode.swift; path = ExampleMacOSApp.swift; sourceTree = "<group>"; };
		56C53FCA294A645200962DD6 /* Assets.xcassets */ = {isa = PBXFileReference; lastKnownFileType = folder.assetcatalog; path = Assets.xcassets; sourceTree = "<group>"; };
		56C53FCD294A645200962DD6 /* Preview Assets.xcassets */ = {isa = PBXFileReference; lastKnownFileType = folder.assetcatalog; path = "Preview Assets.xcassets"; sourceTree = "<group>"; };
		56C53FCF294A645200962DD6 /* ExampleMacOSApp.entitlements */ = {isa = PBXFileReference; lastKnownFileType = text.plist.entitlements; path = ExampleMacOSApp.entitlements; sourceTree = "<group>"; };
/* End PBXFileReference section */

/* Begin PBXFrameworksBuildPhase section */
		56C53FC0294A645100962DD6 /* Frameworks */ = {
			isa = PBXFrameworksBuildPhase;
			buildActionMask = 2147483647;
			files = (
				5675A0F8294B18A2005C25BD /* SwiftyCreatives in Frameworks */,
			);
			runOnlyForDeploymentPostprocessing = 0;
		};
/* End PBXFrameworksBuildPhase section */

/* Begin PBXGroup section */
		5675A0F5294B187D005C25BD /* Packages */ = {
			isa = PBXGroup;
			children = (
				5675A0F6294B187D005C25BD /* swifty-creatives */,
			);
			name = Packages;
			sourceTree = "<group>";
		};
		56C53FBA294A645100962DD6 = {
			isa = PBXGroup;
			children = (
				5675A0F5294B187D005C25BD /* Packages */,
				56C53FC5294A645100962DD6 /* ExampleMacOSApp */,
				56C53FC4294A645100962DD6 /* Products */,
				56C53FD7294A65EC00962DD6 /* Frameworks */,
			);
			sourceTree = "<group>";
		};
		56C53FC4294A645100962DD6 /* Products */ = {
			isa = PBXGroup;
			children = (
				56C53FC3294A645100962DD6 /* ExampleMacOSApp.app */,
			);
			name = Products;
			sourceTree = "<group>";
		};
		56C53FC5294A645100962DD6 /* ExampleMacOSApp */ = {
			isa = PBXGroup;
			children = (
				56C53FC6294A645100962DD6 /* ExampleMacOSApp.swift */,
				56694B04298AB8100022C24D /* Sample1.swift */,
				56694B06298AB8730022C24D /* Sample2.swift */,
				56694B08298AB8840022C24D /* Sample3.swift */,
				56694B10298AB8EE0022C24D /* Sample4.swift */,
				569EBEAD2995583D0090F5AB /* Sample5.swift */,
				569A83982999236000F62062 /* Sample6.swift */,
				5643923029A14E2F0053C6E6 /* Sample7.swift */,
				5643923229A187740053C6E6 /* Sample8.swift */,
				566E503A2B6FB551002B98D6 /* Sample9.swift */,
				56C53FCA294A645200962DD6 /* Assets.xcassets */,
				56C53FCF294A645200962DD6 /* ExampleMacOSApp.entitlements */,
				56C53FCC294A645200962DD6 /* Preview Content */,
			);
			path = ExampleMacOSApp;
			sourceTree = "<group>";
		};
		56C53FCC294A645200962DD6 /* Preview Content */ = {
			isa = PBXGroup;
			children = (
				56C53FCD294A645200962DD6 /* Preview Assets.xcassets */,
			);
			path = "Preview Content";
			sourceTree = "<group>";
		};
		56C53FD7294A65EC00962DD6 /* Frameworks */ = {
			isa = PBXGroup;
			children = (
			);
			name = Frameworks;
			sourceTree = "<group>";
		};
/* End PBXGroup section */

/* Begin PBXNativeTarget section */
		56C53FC2294A645100962DD6 /* ExampleMacOSApp */ = {
			isa = PBXNativeTarget;
			buildConfigurationList = 56C53FD2294A645200962DD6 /* Build configuration list for PBXNativeTarget "ExampleMacOSApp" */;
			buildPhases = (
				56C53FBF294A645100962DD6 /* Sources */,
				56C53FC0294A645100962DD6 /* Frameworks */,
				56C53FC1294A645100962DD6 /* Resources */,
			);
			buildRules = (
			);
			dependencies = (
			);
			name = ExampleMacOSApp;
			packageProductDependencies = (
				5675A0F7294B18A2005C25BD /* SwiftyCreatives */,
			);
			productName = ExampleMacOSApp;
			productReference = 56C53FC3294A645100962DD6 /* ExampleMacOSApp.app */;
			productType = "com.apple.product-type.application";
		};
/* End PBXNativeTarget section */

/* Begin PBXProject section */
		56C53FBB294A645100962DD6 /* Project object */ = {
			isa = PBXProject;
			attributes = {
				BuildIndependentTargetsInParallel = 1;
				LastSwiftUpdateCheck = 1400;
				LastUpgradeCheck = 1400;
				TargetAttributes = {
					56C53FC2294A645100962DD6 = {
						CreatedOnToolsVersion = 14.0.1;
					};
				};
			};
			buildConfigurationList = 56C53FBE294A645100962DD6 /* Build configuration list for PBXProject "ExampleMacOSApp" */;
			compatibilityVersion = "Xcode 14.0";
			developmentRegion = en;
			hasScannedForEncodings = 0;
			knownRegions = (
				en,
				Base,
			);
			mainGroup = 56C53FBA294A645100962DD6;
			productRefGroup = 56C53FC4294A645100962DD6 /* Products */;
			projectDirPath = "";
			projectRoot = "";
			targets = (
				56C53FC2294A645100962DD6 /* ExampleMacOSApp */,
			);
		};
/* End PBXProject section */

/* Begin PBXResourcesBuildPhase section */
		56C53FC1294A645100962DD6 /* Resources */ = {
			isa = PBXResourcesBuildPhase;
			buildActionMask = 2147483647;
			files = (
				56C53FCE294A645200962DD6 /* Preview Assets.xcassets in Resources */,
				56C53FCB294A645200962DD6 /* Assets.xcassets in Resources */,
			);
			runOnlyForDeploymentPostprocessing = 0;
		};
/* End PBXResourcesBuildPhase section */

/* Begin PBXSourcesBuildPhase section */
		56C53FBF294A645100962DD6 /* Sources */ = {
			isa = PBXSourcesBuildPhase;
			buildActionMask = 2147483647;
			files = (
				56C53FC7294A645100962DD6 /* ExampleMacOSApp.swift in Sources */,
				5643923329A187740053C6E6 /* Sample8.swift in Sources */,
				569EBEAE2995583D0090F5AB /* Sample5.swift in Sources */,
				566E503B2B6FB551002B98D6 /* Sample9.swift in Sources */,
				569A83992999236000F62062 /* Sample6.swift in Sources */,
				5643923129A14E2F0053C6E6 /* Sample7.swift in Sources */,
				56694B09298AB8840022C24D /* Sample3.swift in Sources */,
				56694B11298AB8EE0022C24D /* Sample4.swift in Sources */,
				56694B05298AB8100022C24D /* Sample1.swift in Sources */,
				56694B07298AB8730022C24D /* Sample2.swift in Sources */,
			);
			runOnlyForDeploymentPostprocessing = 0;
		};
/* End PBXSourcesBuildPhase section */

/* Begin XCBuildConfiguration section */
		56C53FD0294A645200962DD6 /* Debug */ = {
			isa = XCBuildConfiguration;
			buildSettings = {
				ALWAYS_SEARCH_USER_PATHS = NO;
				CLANG_ANALYZER_NONNULL = YES;
				CLANG_ANALYZER_NUMBER_OBJECT_CONVERSION = YES_AGGRESSIVE;
				CLANG_CXX_LANGUAGE_STANDARD = "gnu++20";
				CLANG_ENABLE_MODULES = YES;
				CLANG_ENABLE_OBJC_ARC = YES;
				CLANG_ENABLE_OBJC_WEAK = YES;
				CLANG_WARN_BLOCK_CAPTURE_AUTORELEASING = YES;
				CLANG_WARN_BOOL_CONVERSION = YES;
				CLANG_WARN_COMMA = YES;
				CLANG_WARN_CONSTANT_CONVERSION = YES;
				CLANG_WARN_DEPRECATED_OBJC_IMPLEMENTATIONS = YES;
				CLANG_WARN_DIRECT_OBJC_ISA_USAGE = YES_ERROR;
				CLANG_WARN_DOCUMENTATION_COMMENTS = YES;
				CLANG_WARN_EMPTY_BODY = YES;
				CLANG_WARN_ENUM_CONVERSION = YES;
				CLANG_WARN_INFINITE_RECURSION = YES;
				CLANG_WARN_INT_CONVERSION = YES;
				CLANG_WARN_NON_LITERAL_NULL_CONVERSION = YES;
				CLANG_WARN_OBJC_IMPLICIT_RETAIN_SELF = YES;
				CLANG_WARN_OBJC_LITERAL_CONVERSION = YES;
				CLANG_WARN_OBJC_ROOT_CLASS = YES_ERROR;
				CLANG_WARN_QUOTED_INCLUDE_IN_FRAMEWORK_HEADER = YES;
				CLANG_WARN_RANGE_LOOP_ANALYSIS = YES;
				CLANG_WARN_STRICT_PROTOTYPES = YES;
				CLANG_WARN_SUSPICIOUS_MOVE = YES;
				CLANG_WARN_UNGUARDED_AVAILABILITY = YES_AGGRESSIVE;
				CLANG_WARN_UNREACHABLE_CODE = YES;
				CLANG_WARN__DUPLICATE_METHOD_MATCH = YES;
				COPY_PHASE_STRIP = NO;
				DEBUG_INFORMATION_FORMAT = dwarf;
				ENABLE_STRICT_OBJC_MSGSEND = YES;
				ENABLE_TESTABILITY = YES;
				GCC_C_LANGUAGE_STANDARD = gnu11;
				GCC_DYNAMIC_NO_PIC = NO;
				GCC_NO_COMMON_BLOCKS = YES;
				GCC_OPTIMIZATION_LEVEL = 0;
				GCC_PREPROCESSOR_DEFINITIONS = (
					"DEBUG=1",
					"$(inherited)",
				);
				GCC_WARN_64_TO_32_BIT_CONVERSION = YES;
				GCC_WARN_ABOUT_RETURN_TYPE = YES_ERROR;
				GCC_WARN_UNDECLARED_SELECTOR = YES;
				GCC_WARN_UNINITIALIZED_AUTOS = YES_AGGRESSIVE;
				GCC_WARN_UNUSED_FUNCTION = YES;
				GCC_WARN_UNUSED_VARIABLE = YES;
				MACOSX_DEPLOYMENT_TARGET = 14.0;
				MTL_ENABLE_DEBUG_INFO = INCLUDE_SOURCE;
				MTL_FAST_MATH = YES;
				ONLY_ACTIVE_ARCH = YES;
				SDKROOT = macosx;
				SWIFT_ACTIVE_COMPILATION_CONDITIONS = DEBUG;
				SWIFT_OPTIMIZATION_LEVEL = "-Onone";
			};
			name = Debug;
		};
		56C53FD1294A645200962DD6 /* Release */ = {
			isa = XCBuildConfiguration;
			buildSettings = {
				ALWAYS_SEARCH_USER_PATHS = NO;
				CLANG_ANALYZER_NONNULL = YES;
				CLANG_ANALYZER_NUMBER_OBJECT_CONVERSION = YES_AGGRESSIVE;
				CLANG_CXX_LANGUAGE_STANDARD = "gnu++20";
				CLANG_ENABLE_MODULES = YES;
				CLANG_ENABLE_OBJC_ARC = YES;
				CLANG_ENABLE_OBJC_WEAK = YES;
				CLANG_WARN_BLOCK_CAPTURE_AUTORELEASING = YES;
				CLANG_WARN_BOOL_CONVERSION = YES;
				CLANG_WARN_COMMA = YES;
				CLANG_WARN_CONSTANT_CONVERSION = YES;
				CLANG_WARN_DEPRECATED_OBJC_IMPLEMENTATIONS = YES;
				CLANG_WARN_DIRECT_OBJC_ISA_USAGE = YES_ERROR;
				CLANG_WARN_DOCUMENTATION_COMMENTS = YES;
				CLANG_WARN_EMPTY_BODY = YES;
				CLANG_WARN_ENUM_CONVERSION = YES;
				CLANG_WARN_INFINITE_RECURSION = YES;
				CLANG_WARN_INT_CONVERSION = YES;
				CLANG_WARN_NON_LITERAL_NULL_CONVERSION = YES;
				CLANG_WARN_OBJC_IMPLICIT_RETAIN_SELF = YES;
				CLANG_WARN_OBJC_LITERAL_CONVERSION = YES;
				CLANG_WARN_OBJC_ROOT_CLASS = YES_ERROR;
				CLANG_WARN_QUOTED_INCLUDE_IN_FRAMEWORK_HEADER = YES;
				CLANG_WARN_RANGE_LOOP_ANALYSIS = YES;
				CLANG_WARN_STRICT_PROTOTYPES = YES;
				CLANG_WARN_SUSPICIOUS_MOVE = YES;
				CLANG_WARN_UNGUARDED_AVAILABILITY = YES_AGGRESSIVE;
				CLANG_WARN_UNREACHABLE_CODE = YES;
				CLANG_WARN__DUPLICATE_METHOD_MATCH = YES;
				COPY_PHASE_STRIP = NO;
				DEBUG_INFORMATION_FORMAT = "dwarf-with-dsym";
				ENABLE_NS_ASSERTIONS = NO;
				ENABLE_STRICT_OBJC_MSGSEND = YES;
				GCC_C_LANGUAGE_STANDARD = gnu11;
				GCC_NO_COMMON_BLOCKS = YES;
				GCC_WARN_64_TO_32_BIT_CONVERSION = YES;
				GCC_WARN_ABOUT_RETURN_TYPE = YES_ERROR;
				GCC_WARN_UNDECLARED_SELECTOR = YES;
				GCC_WARN_UNINITIALIZED_AUTOS = YES_AGGRESSIVE;
				GCC_WARN_UNUSED_FUNCTION = YES;
				GCC_WARN_UNUSED_VARIABLE = YES;
				MACOSX_DEPLOYMENT_TARGET = 14.0;
				MTL_ENABLE_DEBUG_INFO = NO;
				MTL_FAST_MATH = YES;
				SDKROOT = macosx;
				SWIFT_COMPILATION_MODE = wholemodule;
				SWIFT_OPTIMIZATION_LEVEL = "-O";
			};
			name = Release;
		};
		56C53FD3294A645200962DD6 /* Debug */ = {
			isa = XCBuildConfiguration;
			buildSettings = {
				ASSETCATALOG_COMPILER_APPICON_NAME = AppIcon;
				ASSETCATALOG_COMPILER_GLOBAL_ACCENT_COLOR_NAME = AccentColor;
				CODE_SIGN_ENTITLEMENTS = ExampleMacOSApp/ExampleMacOSApp.entitlements;
				CODE_SIGN_STYLE = Automatic;
				COMBINE_HIDPI_IMAGES = YES;
				CURRENT_PROJECT_VERSION = 1;
				DEVELOPMENT_ASSET_PATHS = "\"ExampleMacOSApp/Preview Content\"";
				DEVELOPMENT_TEAM = "";
				ENABLE_PREVIEWS = YES;
				GENERATE_INFOPLIST_FILE = YES;
				INFOPLIST_KEY_NSHumanReadableCopyright = "";
				LD_RUNPATH_SEARCH_PATHS = (
					"$(inherited)",
					"@executable_path/../Frameworks",
				);
				MACOSX_DEPLOYMENT_TARGET = 14.0;
				MARKETING_VERSION = 1.0;
				PRODUCT_BUNDLE_IDENTIFIER = com.yukiny.swiftyCreatives.ExampleMacOSApp;
				PRODUCT_NAME = "$(TARGET_NAME)";
				SWIFT_EMIT_LOC_STRINGS = YES;
				SWIFT_VERSION = 5.0;
			};
			name = Debug;
		};
		56C53FD4294A645200962DD6 /* Release */ = {
			isa = XCBuildConfiguration;
			buildSettings = {
				ASSETCATALOG_COMPILER_APPICON_NAME = AppIcon;
				ASSETCATALOG_COMPILER_GLOBAL_ACCENT_COLOR_NAME = AccentColor;
				CODE_SIGN_ENTITLEMENTS = ExampleMacOSApp/ExampleMacOSApp.entitlements;
				CODE_SIGN_STYLE = Automatic;
				COMBINE_HIDPI_IMAGES = YES;
				CURRENT_PROJECT_VERSION = 1;
				DEVELOPMENT_ASSET_PATHS = "\"ExampleMacOSApp/Preview Content\"";
				DEVELOPMENT_TEAM = "";
				ENABLE_PREVIEWS = YES;
				GENERATE_INFOPLIST_FILE = YES;
				INFOPLIST_KEY_NSHumanReadableCopyright = "";
				LD_RUNPATH_SEARCH_PATHS = (
					"$(inherited)",
					"@executable_path/../Frameworks",
				);
				MACOSX_DEPLOYMENT_TARGET = 14.0;
				MARKETING_VERSION = 1.0;
				PRODUCT_BUNDLE_IDENTIFIER = com.yukiny.swiftyCreatives.ExampleMacOSApp;
				PRODUCT_NAME = "$(TARGET_NAME)";
				SWIFT_EMIT_LOC_STRINGS = YES;
				SWIFT_VERSION = 5.0;
			};
			name = Release;
		};
/* End XCBuildConfiguration section */

/* Begin XCConfigurationList section */
		56C53FBE294A645100962DD6 /* Build configuration list for PBXProject "ExampleMacOSApp" */ = {
			isa = XCConfigurationList;
			buildConfigurations = (
				56C53FD0294A645200962DD6 /* Debug */,
				56C53FD1294A645200962DD6 /* Release */,
			);
			defaultConfigurationIsVisible = 0;
			defaultConfigurationName = Release;
		};
		56C53FD2294A645200962DD6 /* Build configuration list for PBXNativeTarget "ExampleMacOSApp" */ = {
			isa = XCConfigurationList;
			buildConfigurations = (
				56C53FD3294A645200962DD6 /* Debug */,
				56C53FD4294A645200962DD6 /* Release */,
			);
			defaultConfigurationIsVisible = 0;
			defaultConfigurationName = Release;
		};
/* End XCConfigurationList section */

/* Begin XCSwiftPackageProductDependency section */
		5675A0F7294B18A2005C25BD /* SwiftyCreatives */ = {
			isa = XCSwiftPackageProductDependency;
			productName = SwiftyCreatives;
		};
/* End XCSwiftPackageProductDependency section */
	};
	rootObject = 56C53FBB294A645100962DD6 /* Project object */;
}
