// !$*UTF8*$!
{
	archiveVersion = 1;
	classes = {
	};
	objectVersion = 60;
	objects = {

/* Begin PBXBuildFile section */
		560044B82B6CDD1D00C21197 /* SwiftyCreatives in Frameworks */ = {isa = PBXBuildFile; productRef = 560044B72B6CDD1D00C21197 /* SwiftyCreatives */; };
		560044BA2B6CDF9900C21197 /* SampleSketch.swift in Sources */ = {isa = PBXBuildFile; fileRef = 560044B92B6CDF9900C21197 /* SampleSketch.swift */; };
		56C9568F2B6CDCE400401C27 /* RealityKitContent in Frameworks */ = {isa = PBXBuildFile; productRef = 56C9568E2B6CDCE400401C27 /* RealityKitContent */; };
		56C956912B6CDCE400401C27 /* ExampleVisionOSApp.swift in Sources */ = {isa = PBXBuildFile; fileRef = 56C956902B6CDCE400401C27 /* ExampleVisionOSApp.swift */; };
		56C956932B6CDCE400401C27 /* ContentView.swift in Sources */ = {isa = PBXBuildFile; fileRef = 56C956922B6CDCE400401C27 /* ContentView.swift */; };
		56C9569B2B6CDCE400401C27 /* Preview Assets.xcassets in Resources */ = {isa = PBXBuildFile; fileRef = 56C9569A2B6CDCE400401C27 /* Preview Assets.xcassets */; };
		56C9569D2B6CDCE500401C27 /* Assets.xcassets in Resources */ = {isa = PBXBuildFile; fileRef = 56C9569C2B6CDCE500401C27 /* Assets.xcassets */; };
/* End PBXBuildFile section */

/* Begin PBXFileReference section */
		560044B92B6CDF9900C21197 /* SampleSketch.swift */ = {isa = PBXFileReference; lastKnownFileType = sourcecode.swift; path = SampleSketch.swift; sourceTree = "<group>"; };
		56C956892B6CDCE400401C27 /* ExampleVisionOS.app */ = {isa = PBXFileReference; explicitFileType = wrapper.application; includeInIndex = 0; path = ExampleVisionOS.app; sourceTree = BUILT_PRODUCTS_DIR; };
		56C9568D2B6CDCE400401C27 /* RealityKitContent */ = {isa = PBXFileReference; lastKnownFileType = wrapper; path = RealityKitContent; sourceTree = "<group>"; };
		56C956902B6CDCE400401C27 /* ExampleVisionOSApp.swift */ = {isa = PBXFileReference; lastKnownFileType = sourcecode.swift; path = ExampleVisionOSApp.swift; sourceTree = "<group>"; };
		56C956922B6CDCE400401C27 /* ContentView.swift */ = {isa = PBXFileReference; lastKnownFileType = sourcecode.swift; path = ContentView.swift; sourceTree = "<group>"; };
		56C9569A2B6CDCE400401C27 /* Preview Assets.xcassets */ = {isa = PBXFileReference; lastKnownFileType = folder.assetcatalog; path = "Preview Assets.xcassets"; sourceTree = "<group>"; };
		56C9569C2B6CDCE500401C27 /* Assets.xcassets */ = {isa = PBXFileReference; lastKnownFileType = folder.assetcatalog; path = Assets.xcassets; sourceTree = "<group>"; };
		56C9569E2B6CDCE500401C27 /* Info.plist */ = {isa = PBXFileReference; lastKnownFileType = text.plist.xml; path = Info.plist; sourceTree = "<group>"; };
/* End PBXFileReference section */

/* Begin PBXFrameworksBuildPhase section */
		56C956862B6CDCE400401C27 /* Frameworks */ = {
			isa = PBXFrameworksBuildPhase;
			buildActionMask = 2147483647;
			files = (
				56C9568F2B6CDCE400401C27 /* RealityKitContent in Frameworks */,
				560044B82B6CDD1D00C21197 /* SwiftyCreatives in Frameworks */,
			);
			runOnlyForDeploymentPostprocessing = 0;
		};
/* End PBXFrameworksBuildPhase section */

/* Begin PBXGroup section */
		56C956802B6CDCE400401C27 = {
			isa = PBXGroup;
			children = (
				56C9568B2B6CDCE400401C27 /* ExampleVisionOS */,
				56C9568C2B6CDCE400401C27 /* Packages */,
				56C9568A2B6CDCE400401C27 /* Products */,
			);
			sourceTree = "<group>";
		};
		56C9568A2B6CDCE400401C27 /* Products */ = {
			isa = PBXGroup;
			children = (
				56C956892B6CDCE400401C27 /* ExampleVisionOS.app */,
			);
			name = Products;
			sourceTree = "<group>";
		};
		56C9568B2B6CDCE400401C27 /* ExampleVisionOS */ = {
			isa = PBXGroup;
			children = (
				56C956902B6CDCE400401C27 /* ExampleVisionOSApp.swift */,
				56C956922B6CDCE400401C27 /* ContentView.swift */,
				560044B92B6CDF9900C21197 /* SampleSketch.swift */,
				56C9569C2B6CDCE500401C27 /* Assets.xcassets */,
				56C9569E2B6CDCE500401C27 /* Info.plist */,
				56C956992B6CDCE400401C27 /* Preview Content */,
			);
			path = ExampleVisionOS;
			sourceTree = "<group>";
		};
		56C9568C2B6CDCE400401C27 /* Packages */ = {
			isa = PBXGroup;
			children = (
				56C9568D2B6CDCE400401C27 /* RealityKitContent */,
			);
			path = Packages;
			sourceTree = "<group>";
		};
		56C956992B6CDCE400401C27 /* Preview Content */ = {
			isa = PBXGroup;
			children = (
				56C9569A2B6CDCE400401C27 /* Preview Assets.xcassets */,
			);
			path = "Preview Content";
			sourceTree = "<group>";
		};
/* End PBXGroup section */

/* Begin PBXNativeTarget section */
		56C956882B6CDCE400401C27 /* ExampleVisionOS */ = {
			isa = PBXNativeTarget;
			buildConfigurationList = 56C956A12B6CDCE500401C27 /* Build configuration list for PBXNativeTarget "ExampleVisionOS" */;
			buildPhases = (
				56C956852B6CDCE400401C27 /* Sources */,
				56C956862B6CDCE400401C27 /* Frameworks */,
				56C956872B6CDCE400401C27 /* Resources */,
			);
			buildRules = (
			);
			dependencies = (
			);
			name = ExampleVisionOS;
			packageProductDependencies = (
				56C9568E2B6CDCE400401C27 /* RealityKitContent */,
				560044B72B6CDD1D00C21197 /* SwiftyCreatives */,
			);
			productName = ExampleVisionOS;
			productReference = 56C956892B6CDCE400401C27 /* ExampleVisionOS.app */;
			productType = "com.apple.product-type.application";
		};
/* End PBXNativeTarget section */

/* Begin PBXProject section */
		56C956812B6CDCE400401C27 /* Project object */ = {
			isa = PBXProject;
			attributes = {
				BuildIndependentTargetsInParallel = 1;
				LastSwiftUpdateCheck = 1520;
				LastUpgradeCheck = 1520;
				TargetAttributes = {
					56C956882B6CDCE400401C27 = {
						CreatedOnToolsVersion = 15.2;
					};
				};
			};
			buildConfigurationList = 56C956842B6CDCE400401C27 /* Build configuration list for PBXProject "ExampleVisionOS" */;
			compatibilityVersion = "Xcode 14.0";
			developmentRegion = en;
			hasScannedForEncodings = 0;
			knownRegions = (
				en,
				Base,
			);
			mainGroup = 56C956802B6CDCE400401C27;
			packageReferences = (
				560044B62B6CDD1D00C21197 /* XCLocalSwiftPackageReference "../.." */,
			);
			productRefGroup = 56C9568A2B6CDCE400401C27 /* Products */;
			projectDirPath = "";
			projectRoot = "";
			targets = (
				56C956882B6CDCE400401C27 /* ExampleVisionOS */,
			);
		};
/* End PBXProject section */

/* Begin PBXResourcesBuildPhase section */
		56C956872B6CDCE400401C27 /* Resources */ = {
			isa = PBXResourcesBuildPhase;
			buildActionMask = 2147483647;
			files = (
				56C9569D2B6CDCE500401C27 /* Assets.xcassets in Resources */,
				56C9569B2B6CDCE400401C27 /* Preview Assets.xcassets in Resources */,
			);
			runOnlyForDeploymentPostprocessing = 0;
		};
/* End PBXResourcesBuildPhase section */

/* Begin PBXSourcesBuildPhase section */
		56C956852B6CDCE400401C27 /* Sources */ = {
			isa = PBXSourcesBuildPhase;
			buildActionMask = 2147483647;
			files = (
				56C956932B6CDCE400401C27 /* ContentView.swift in Sources */,
				56C956912B6CDCE400401C27 /* ExampleVisionOSApp.swift in Sources */,
				560044BA2B6CDF9900C21197 /* SampleSketch.swift in Sources */,
			);
			runOnlyForDeploymentPostprocessing = 0;
		};
/* End PBXSourcesBuildPhase section */

/* Begin XCBuildConfiguration section */
		56C9569F2B6CDCE500401C27 /* Debug */ = {
			isa = XCBuildConfiguration;
			buildSettings = {
				ALWAYS_SEARCH_USER_PATHS = NO;
				ASSETCATALOG_COMPILER_GENERATE_SWIFT_ASSET_SYMBOL_EXTENSIONS = YES;
				CLANG_ANALYZER_NONNULL = YES;
				CLANG_ANALYZER_NUMBER_OBJECT_CONVERSION = YES_AGGRESSIVE;
				CLANG_CXX_LANGUAGE_STANDARD = "gnu++20";
				CLANG_ENABLE_MODULES = YES;
				CLANG_ENABLE_OBJC_ARC = YES;
				CLANG_ENABLE_OBJC_WEAK = YES;
				CLANG_WARN_BLOCK_CAPTURE_AUTORELEASING = YES;
				CLANG_WARN_BOOL_CONVERSION = YES;
				CLANG_WARN_COMMA = YES;
				CLANG_WARN_CONSTANT_CONVERSION = YES;
				CLANG_WARN_DEPRECATED_OBJC_IMPLEMENTATIONS = YES;
				CLANG_WARN_DIRECT_OBJC_ISA_USAGE = YES_ERROR;
				CLANG_WARN_DOCUMENTATION_COMMENTS = YES;
				CLANG_WARN_EMPTY_BODY = YES;
				CLANG_WARN_ENUM_CONVERSION = YES;
				CLANG_WARN_INFINITE_RECURSION = YES;
				CLANG_WARN_INT_CONVERSION = YES;
				CLANG_WARN_NON_LITERAL_NULL_CONVERSION = YES;
				CLANG_WARN_OBJC_IMPLICIT_RETAIN_SELF = YES;
				CLANG_WARN_OBJC_LITERAL_CONVERSION = YES;
				CLANG_WARN_OBJC_ROOT_CLASS = YES_ERROR;
				CLANG_WARN_QUOTED_INCLUDE_IN_FRAMEWORK_HEADER = YES;
				CLANG_WARN_RANGE_LOOP_ANALYSIS = YES;
				CLANG_WARN_STRICT_PROTOTYPES = YES;
				CLANG_WARN_SUSPICIOUS_MOVE = YES;
				CLANG_WARN_UNGUARDED_AVAILABILITY = YES_AGGRESSIVE;
				CLANG_WARN_UNREACHABLE_CODE = YES;
				CLANG_WARN__DUPLICATE_METHOD_MATCH = YES;
				COPY_PHASE_STRIP = NO;
				DEBUG_INFORMATION_FORMAT = dwarf;
				ENABLE_STRICT_OBJC_MSGSEND = YES;
				ENABLE_TESTABILITY = YES;
				ENABLE_USER_SCRIPT_SANDBOXING = YES;
				GCC_C_LANGUAGE_STANDARD = gnu17;
				GCC_DYNAMIC_NO_PIC = NO;
				GCC_NO_COMMON_BLOCKS = YES;
				GCC_OPTIMIZATION_LEVEL = 0;
				GCC_PREPROCESSOR_DEFINITIONS = (
					"DEBUG=1",
					"$(inherited)",
				);
				GCC_WARN_64_TO_32_BIT_CONVERSION = YES;
				GCC_WARN_ABOUT_RETURN_TYPE = YES_ERROR;
				GCC_WARN_UNDECLARED_SELECTOR = YES;
				GCC_WARN_UNINITIALIZED_AUTOS = YES_AGGRESSIVE;
				GCC_WARN_UNUSED_FUNCTION = YES;
				GCC_WARN_UNUSED_VARIABLE = YES;
				LOCALIZATION_PREFERS_STRING_CATALOGS = YES;
				MTL_ENABLE_DEBUG_INFO = INCLUDE_SOURCE;
				MTL_FAST_MATH = YES;
				ONLY_ACTIVE_ARCH = YES;
				SDKROOT = xros;
				SWIFT_ACTIVE_COMPILATION_CONDITIONS = "DEBUG $(inherited)";
				SWIFT_OPTIMIZATION_LEVEL = "-Onone";
				XROS_DEPLOYMENT_TARGET = 1.0;
			};
			name = Debug;
		};
		56C956A02B6CDCE500401C27 /* Release */ = {
			isa = XCBuildConfiguration;
			buildSettings = {
				ALWAYS_SEARCH_USER_PATHS = NO;
				ASSETCATALOG_COMPILER_GENERATE_SWIFT_ASSET_SYMBOL_EXTENSIONS = YES;
				CLANG_ANALYZER_NONNULL = YES;
				CLANG_ANALYZER_NUMBER_OBJECT_CONVERSION = YES_AGGRESSIVE;
				CLANG_CXX_LANGUAGE_STANDARD = "gnu++20";
				CLANG_ENABLE_MODULES = YES;
				CLANG_ENABLE_OBJC_ARC = YES;
				CLANG_ENABLE_OBJC_WEAK = YES;
				CLANG_WARN_BLOCK_CAPTURE_AUTORELEASING = YES;
				CLANG_WARN_BOOL_CONVERSION = YES;
				CLANG_WARN_COMMA = YES;
				CLANG_WARN_CONSTANT_CONVERSION = YES;
				CLANG_WARN_DEPRECATED_OBJC_IMPLEMENTATIONS = YES;
				CLANG_WARN_DIRECT_OBJC_ISA_USAGE = YES_ERROR;
				CLANG_WARN_DOCUMENTATION_COMMENTS = YES;
				CLANG_WARN_EMPTY_BODY = YES;
				CLANG_WARN_ENUM_CONVERSION = YES;
				CLANG_WARN_INFINITE_RECURSION = YES;
				CLANG_WARN_INT_CONVERSION = YES;
				CLANG_WARN_NON_LITERAL_NULL_CONVERSION = YES;
				CLANG_WARN_OBJC_IMPLICIT_RETAIN_SELF = YES;
				CLANG_WARN_OBJC_LITERAL_CONVERSION = YES;
				CLANG_WARN_OBJC_ROOT_CLASS = YES_ERROR;
				CLANG_WARN_QUOTED_INCLUDE_IN_FRAMEWORK_HEADER = YES;
				CLANG_WARN_RANGE_LOOP_ANALYSIS = YES;
				CLANG_WARN_STRICT_PROTOTYPES = YES;
				CLANG_WARN_SUSPICIOUS_MOVE = YES;
				CLANG_WARN_UNGUARDED_AVAILABILITY = YES_AGGRESSIVE;
				CLANG_WARN_UNREACHABLE_CODE = YES;
				CLANG_WARN__DUPLICATE_METHOD_MATCH = YES;
				COPY_PHASE_STRIP = NO;
				DEBUG_INFORMATION_FORMAT = "dwarf-with-dsym";
				ENABLE_NS_ASSERTIONS = NO;
				ENABLE_STRICT_OBJC_MSGSEND = YES;
				ENABLE_USER_SCRIPT_SANDBOXING = YES;
				GCC_C_LANGUAGE_STANDARD = gnu17;
				GCC_NO_COMMON_BLOCKS = YES;
				GCC_WARN_64_TO_32_BIT_CONVERSION = YES;
				GCC_WARN_ABOUT_RETURN_TYPE = YES_ERROR;
				GCC_WARN_UNDECLARED_SELECTOR = YES;
				GCC_WARN_UNINITIALIZED_AUTOS = YES_AGGRESSIVE;
				GCC_WARN_UNUSED_FUNCTION = YES;
				GCC_WARN_UNUSED_VARIABLE = YES;
				LOCALIZATION_PREFERS_STRING_CATALOGS = YES;
				MTL_ENABLE_DEBUG_INFO = NO;
				MTL_FAST_MATH = YES;
				SDKROOT = xros;
				SWIFT_COMPILATION_MODE = wholemodule;
				VALIDATE_PRODUCT = YES;
				XROS_DEPLOYMENT_TARGET = 1.0;
			};
			name = Release;
		};
		56C956A22B6CDCE500401C27 /* Debug */ = {
			isa = XCBuildConfiguration;
			buildSettings = {
				ASSETCATALOG_COMPILER_APPICON_NAME = AppIcon;
				ASSETCATALOG_COMPILER_GLOBAL_ACCENT_COLOR_NAME = AccentColor;
				CODE_SIGN_STYLE = Automatic;
				CURRENT_PROJECT_VERSION = 1;
				DEVELOPMENT_ASSET_PATHS = "\"ExampleVisionOS/Preview Content\"";
				DEVELOPMENT_TEAM = "";
				ENABLE_PREVIEWS = YES;
				GENERATE_INFOPLIST_FILE = YES;
				INFOPLIST_FILE = "$(TARGET_NAME)/Info.plist";
				LD_RUNPATH_SEARCH_PATHS = (
					"$(inherited)",
					"@executable_path/Frameworks",
				);
				MARKETING_VERSION = 1.0;
				PRODUCT_BUNDLE_IDENTIFIER = com.yukiny.ExampleVisionOS;
				PRODUCT_NAME = "$(TARGET_NAME)";
				SUPPORTED_PLATFORMS = "xros xrsimulator";
				SWIFT_EMIT_LOC_STRINGS = YES;
				SWIFT_OBJC_BRIDGING_HEADER = "";
				SWIFT_VERSION = 5.0;
				TARGETED_DEVICE_FAMILY = "1,2,7";
			};
			name = Debug;
		};
		56C956A32B6CDCE500401C27 /* Release */ = {
			isa = XCBuildConfiguration;
			buildSettings = {
				ASSETCATALOG_COMPILER_APPICON_NAME = AppIcon;
				ASSETCATALOG_COMPILER_GLOBAL_ACCENT_COLOR_NAME = AccentColor;
				CODE_SIGN_STYLE = Automatic;
				CURRENT_PROJECT_VERSION = 1;
				DEVELOPMENT_ASSET_PATHS = "\"ExampleVisionOS/Preview Content\"";
				DEVELOPMENT_TEAM = "";
				ENABLE_PREVIEWS = YES;
				GENERATE_INFOPLIST_FILE = YES;
				INFOPLIST_FILE = "$(TARGET_NAME)/Info.plist";
				LD_RUNPATH_SEARCH_PATHS = (
					"$(inherited)",
					"@executable_path/Frameworks",
				);
				MARKETING_VERSION = 1.0;
				PRODUCT_BUNDLE_IDENTIFIER = com.yukiny.ExampleVisionOS;
				PRODUCT_NAME = "$(TARGET_NAME)";
				SUPPORTED_PLATFORMS = "xros xrsimulator";
				SWIFT_EMIT_LOC_STRINGS = YES;
				SWIFT_OBJC_BRIDGING_HEADER = "";
				SWIFT_VERSION = 5.0;
				TARGETED_DEVICE_FAMILY = "1,2,7";
			};
			name = Release;
		};
/* End XCBuildConfiguration section */

/* Begin XCConfigurationList section */
		56C956842B6CDCE400401C27 /* Build configuration list for PBXProject "ExampleVisionOS" */ = {
			isa = XCConfigurationList;
			buildConfigurations = (
				56C9569F2B6CDCE500401C27 /* Debug */,
				56C956A02B6CDCE500401C27 /* Release */,
			);
			defaultConfigurationIsVisible = 0;
			defaultConfigurationName = Release;
		};
		56C956A12B6CDCE500401C27 /* Build configuration list for PBXNativeTarget "ExampleVisionOS" */ = {
			isa = XCConfigurationList;
			buildConfigurations = (
				56C956A22B6CDCE500401C27 /* Debug */,
				56C956A32B6CDCE500401C27 /* Release */,
			);
			defaultConfigurationIsVisible = 0;
			defaultConfigurationName = Release;
		};
/* End XCConfigurationList section */

/* Begin XCLocalSwiftPackageReference section */
		560044B62B6CDD1D00C21197 /* XCLocalSwiftPackageReference "../.." */ = {
			isa = XCLocalSwiftPackageReference;
			relativePath = ../..;
		};
/* End XCLocalSwiftPackageReference section */

/* Begin XCSwiftPackageProductDependency section */
		560044B72B6CDD1D00C21197 /* SwiftyCreatives */ = {
			isa = XCSwiftPackageProductDependency;
			productName = SwiftyCreatives;
		};
		56C9568E2B6CDCE400401C27 /* RealityKitContent */ = {
			isa = XCSwiftPackageProductDependency;
			productName = RealityKitContent;
		};
/* End XCSwiftPackageProductDependency section */
	};
	rootObject = 56C956812B6CDCE400401C27 /* Project object */;
}
