// !$*UTF8*$!
{
	archiveVersion = 1;
	classes = {
	};
	objectVersion = 56;
	objects = {

/* Begin PBXBuildFile section */
		56D9FF882C9824C000F03F81 /* ReactiveSwiftGraphicsExampleMacOSApp.swift in Sources */ = {isa = PBXBuildFile; fileRef = 56D9FF872C9824C000F03F81 /* ReactiveSwiftGraphicsExampleMacOSApp.swift */; };
		56D9FF8A2C9824C000F03F81 /* ContentView.swift in Sources */ = {isa = PBXBuildFile; fileRef = 56D9FF892C9824C000F03F81 /* ContentView.swift */; };
		56D9FF8C2C9824C200F03F81 /* Assets.xcassets in Resources */ = {isa = PBXBuildFile; fileRef = 56D9FF8B2C9824C200F03F81 /* Assets.xcassets */; };
		56D9FF8F2C9824C200F03F81 /* Preview Assets.xcassets in Resources */ = {isa = PBXBuildFile; fileRef = 56D9FF8E2C9824C200F03F81 /* Preview Assets.xcassets */; };
		56D9FF992C9824E300F03F81 /* ReactiveSwiftGraphics in Frameworks */ = {isa = PBXBuildFile; productRef = 56D9FF982C9824E300F03F81 /* ReactiveSwiftGraphics */; };
		56D9FF9B2C98250F00F03F81 /* Info.plist in Resources */ = {isa = PBXBuildFile; fileRef = 56D9FF9A2C98250F00F03F81 /* Info.plist */; };
/* End PBXBuildFile section */

/* Begin PBXFileReference section */
		56D9FF842C9824C000F03F81 /* ReactiveSwiftGraphicsExampleMacOS.app */ = {isa = PBXFileReference; explicitFileType = wrapper.application; includeInIndex = 0; path = ReactiveSwiftGraphicsExampleMacOS.app; sourceTree = BUILT_PRODUCTS_DIR; };
		56D9FF872C9824C000F03F81 /* ReactiveSwiftGraphicsExampleMacOSApp.swift */ = {isa = PBXFileReference; lastKnownFileType = sourcecode.swift; path = ReactiveSwiftGraphicsExampleMacOSApp.swift; sourceTree = "<group>"; };
		56D9FF892C9824C000F03F81 /* ContentView.swift */ = {isa = PBXFileReference; lastKnownFileType = sourcecode.swift; path = ContentView.swift; sourceTree = "<group>"; };
		56D9FF8B2C9824C200F03F81 /* Assets.xcassets */ = {isa = PBXFileReference; lastKnownFileType = folder.assetcatalog; path = Assets.xcassets; sourceTree = "<group>"; };
		56D9FF8E2C9824C200F03F81 /* Preview Assets.xcassets */ = {isa = PBXFileReference; lastKnownFileType = folder.assetcatalog; path = "Preview Assets.xcassets"; sourceTree = "<group>"; };
		56D9FF902C9824C200F03F81 /* ReactiveSwiftGraphicsExampleMacOS.entitlements */ = {isa = PBXFileReference; lastKnownFileType = text.plist.entitlements; path = ReactiveSwiftGraphicsExampleMacOS.entitlements; sourceTree = "<group>"; };
		56D9FF9A2C98250F00F03F81 /* Info.plist */ = {isa = PBXFileReference; fileEncoding = 4; lastKnownFileType = text.plist.xml; name = Info.plist; path = ../../../../../.Trash/Info.plist; sourceTree = "<group>"; };
/* End PBXFileReference section */

/* Begin PBXFrameworksBuildPhase section */
		56D9FF812C9824C000F03F81 /* Frameworks */ = {
			isa = PBXFrameworksBuildPhase;
			buildActionMask = 2147483647;
			files = (
				56D9FF992C9824E300F03F81 /* ReactiveSwiftGraphics in Frameworks */,
			);
			runOnlyForDeploymentPostprocessing = 0;
		};
/* End PBXFrameworksBuildPhase section */

/* Begin PBXGroup section */
		56D9FF7B2C9824C000F03F81 = {
			isa = PBXGroup;
			children = (
				56D9FF862C9824C000F03F81 /* ReactiveSwiftGraphicsExampleMacOS */,
				56D9FF852C9824C000F03F81 /* Products */,
				56D9FF972C9824E300F03F81 /* Frameworks */,
			);
			sourceTree = "<group>";
		};
		56D9FF852C9824C000F03F81 /* Products */ = {
			isa = PBXGroup;
			children = (
				56D9FF842C9824C000F03F81 /* ReactiveSwiftGraphicsExampleMacOS.app */,
			);
			name = Products;
			sourceTree = "<group>";
		};
		56D9FF862C9824C000F03F81 /* ReactiveSwiftGraphicsExampleMacOS */ = {
			isa = PBXGroup;
			children = (
				56D9FF9A2C98250F00F03F81 /* Info.plist */,
				56D9FF872C9824C000F03F81 /* ReactiveSwiftGraphicsExampleMacOSApp.swift */,
				56D9FF892C9824C000F03F81 /* ContentView.swift */,
				56D9FF8B2C9824C200F03F81 /* Assets.xcassets */,
				56D9FF902C9824C200F03F81 /* ReactiveSwiftGraphicsExampleMacOS.entitlements */,
				56D9FF8D2C9824C200F03F81 /* Preview Content */,
			);
			path = ReactiveSwiftGraphicsExampleMacOS;
			sourceTree = "<group>";
		};
		56D9FF8D2C9824C200F03F81 /* Preview Content */ = {
			isa = PBXGroup;
			children = (
				56D9FF8E2C9824C200F03F81 /* Preview Assets.xcassets */,
			);
			path = "Preview Content";
			sourceTree = "<group>";
		};
		56D9FF972C9824E300F03F81 /* Frameworks */ = {
			isa = PBXGroup;
			children = (
			);
			name = Frameworks;
			sourceTree = "<group>";
		};
/* End PBXGroup section */

/* Begin PBXNativeTarget section */
		56D9FF832C9824C000F03F81 /* ReactiveSwiftGraphicsExampleMacOS */ = {
			isa = PBXNativeTarget;
			buildConfigurationList = 56D9FF932C9824C200F03F81 /* Build configuration list for PBXNativeTarget "ReactiveSwiftGraphicsExampleMacOS" */;
			buildPhases = (
				56D9FF802C9824C000F03F81 /* Sources */,
				56D9FF812C9824C000F03F81 /* Frameworks */,
				56D9FF822C9824C000F03F81 /* Resources */,
			);
			buildRules = (
			);
			dependencies = (
			);
			name = ReactiveSwiftGraphicsExampleMacOS;
			packageProductDependencies = (
				56D9FF982C9824E300F03F81 /* ReactiveSwiftGraphics */,
			);
			productName = ReactiveSwiftGraphicsExampleMacOS;
			productReference = 56D9FF842C9824C000F03F81 /* ReactiveSwiftGraphicsExampleMacOS.app */;
			productType = "com.apple.product-type.application";
		};
/* End PBXNativeTarget section */

/* Begin PBXProject section */
		56D9FF7C2C9824C000F03F81 /* Project object */ = {
			isa = PBXProject;
			attributes = {
				BuildIndependentTargetsInParallel = 1;
				LastSwiftUpdateCheck = 1540;
				LastUpgradeCheck = 1540;
				TargetAttributes = {
					56D9FF832C9824C000F03F81 = {
						CreatedOnToolsVersion = 15.4;
					};
				};
			};
			buildConfigurationList = 56D9FF7F2C9824C000F03F81 /* Build configuration list for PBXProject "ReactiveSwiftGraphicsExampleMacOS" */;
			compatibilityVersion = "Xcode 14.0";
			developmentRegion = en;
			hasScannedForEncodings = 0;
			knownRegions = (
				en,
				Base,
			);
			mainGroup = 56D9FF7B2C9824C000F03F81;
			productRefGroup = 56D9FF852C9824C000F03F81 /* Products */;
			projectDirPath = "";
			projectRoot = "";
			targets = (
				56D9FF832C9824C000F03F81 /* ReactiveSwiftGraphicsExampleMacOS */,
			);
		};
/* End PBXProject section */

/* Begin PBXResourcesBuildPhase section */
		56D9FF822C9824C000F03F81 /* Resources */ = {
			isa = PBXResourcesBuildPhase;
			buildActionMask = 2147483647;
			files = (
				56D9FF8F2C9824C200F03F81 /* Preview Assets.xcassets in Resources */,
				56D9FF8C2C9824C200F03F81 /* Assets.xcassets in Resources */,
				56D9FF9B2C98250F00F03F81 /* Info.plist in Resources */,
			);
			runOnlyForDeploymentPostprocessing = 0;
		};
/* End PBXResourcesBuildPhase section */

/* Begin PBXSourcesBuildPhase section */
		56D9FF802C9824C000F03F81 /* Sources */ = {
			isa = PBXSourcesBuildPhase;
			buildActionMask = 2147483647;
			files = (
				56D9FF8A2C9824C000F03F81 /* ContentView.swift in Sources */,
				56D9FF882C9824C000F03F81 /* ReactiveSwiftGraphicsExampleMacOSApp.swift in Sources */,
			);
			runOnlyForDeploymentPostprocessing = 0;
		};
/* End PBXSourcesBuildPhase section */

/* Begin XCBuildConfiguration section */
		56D9FF912C9824C200F03F81 /* Debug */ = {
			isa = XCBuildConfiguration;
			buildSettings = {
				ALWAYS_SEARCH_USER_PATHS = NO;
				ASSETCATALOG_COMPILER_GENERATE_SWIFT_ASSET_SYMBOL_EXTENSIONS = YES;
				CLANG_ANALYZER_NONNULL = YES;
				CLANG_ANALYZER_NUMBER_OBJECT_CONVERSION = YES_AGGRESSIVE;
				CLANG_CXX_LANGUAGE_STANDARD = "gnu++20";
				CLANG_ENABLE_MODULES = YES;
				CLANG_ENABLE_OBJC_ARC = YES;
				CLANG_ENABLE_OBJC_WEAK = YES;
				CLANG_WARN_BLOCK_CAPTURE_AUTORELEASING = YES;
				CLANG_WARN_BOOL_CONVERSION = YES;
				CLANG_WARN_COMMA = YES;
				CLANG_WARN_CONSTANT_CONVERSION = YES;
				CLANG_WARN_DEPRECATED_OBJC_IMPLEMENTATIONS = YES;
				CLANG_WARN_DIRECT_OBJC_ISA_USAGE = YES_ERROR;
				CLANG_WARN_DOCUMENTATION_COMMENTS = YES;
				CLANG_WARN_EMPTY_BODY = YES;
				CLANG_WARN_ENUM_CONVERSION = YES;
				CLANG_WARN_INFINITE_RECURSION = YES;
				CLANG_WARN_INT_CONVERSION = YES;
				CLANG_WARN_NON_LITERAL_NULL_CONVERSION = YES;
				CLANG_WARN_OBJC_IMPLICIT_RETAIN_SELF = YES;
				CLANG_WARN_OBJC_LITERAL_CONVERSION = YES;
				CLANG_WARN_OBJC_ROOT_CLASS = YES_ERROR;
				CLANG_WARN_QUOTED_INCLUDE_IN_FRAMEWORK_HEADER = YES;
				CLANG_WARN_RANGE_LOOP_ANALYSIS = YES;
				CLANG_WARN_STRICT_PROTOTYPES = YES;
				CLANG_WARN_SUSPICIOUS_MOVE = YES;
				CLANG_WARN_UNGUARDED_AVAILABILITY = YES_AGGRESSIVE;
				CLANG_WARN_UNREACHABLE_CODE = YES;
				CLANG_WARN__DUPLICATE_METHOD_MATCH = YES;
				COPY_PHASE_STRIP = NO;
				DEBUG_INFORMATION_FORMAT = dwarf;
				ENABLE_STRICT_OBJC_MSGSEND = YES;
				ENABLE_TESTABILITY = YES;
				ENABLE_USER_SCRIPT_SANDBOXING = YES;
				GCC_C_LANGUAGE_STANDARD = gnu17;
				GCC_DYNAMIC_NO_PIC = NO;
				GCC_NO_COMMON_BLOCKS = YES;
				GCC_OPTIMIZATION_LEVEL = 0;
				GCC_PREPROCESSOR_DEFINITIONS = (
					"DEBUG=1",
					"$(inherited)",
				);
				GCC_WARN_64_TO_32_BIT_CONVERSION = YES;
				GCC_WARN_ABOUT_RETURN_TYPE = YES_ERROR;
				GCC_WARN_UNDECLARED_SELECTOR = YES;
				GCC_WARN_UNINITIALIZED_AUTOS = YES_AGGRESSIVE;
				GCC_WARN_UNUSED_FUNCTION = YES;
				GCC_WARN_UNUSED_VARIABLE = YES;
				LOCALIZATION_PREFERS_STRING_CATALOGS = YES;
				MACOSX_DEPLOYMENT_TARGET = 14.0;
				MTL_ENABLE_DEBUG_INFO = INCLUDE_SOURCE;
				MTL_FAST_MATH = YES;
				ONLY_ACTIVE_ARCH = YES;
				SDKROOT = macosx;
				SWIFT_ACTIVE_COMPILATION_CONDITIONS = "DEBUG $(inherited)";
				SWIFT_OPTIMIZATION_LEVEL = "-Onone";
			};
			name = Debug;
		};
		56D9FF922C9824C200F03F81 /* Release */ = {
			isa = XCBuildConfiguration;
			buildSettings = {
				ALWAYS_SEARCH_USER_PATHS = NO;
				ASSETCATALOG_COMPILER_GENERATE_SWIFT_ASSET_SYMBOL_EXTENSIONS = YES;
				CLANG_ANALYZER_NONNULL = YES;
				CLANG_ANALYZER_NUMBER_OBJECT_CONVERSION = YES_AGGRESSIVE;
				CLANG_CXX_LANGUAGE_STANDARD = "gnu++20";
				CLANG_ENABLE_MODULES = YES;
				CLANG_ENABLE_OBJC_ARC = YES;
				CLANG_ENABLE_OBJC_WEAK = YES;
				CLANG_WARN_BLOCK_CAPTURE_AUTORELEASING = YES;
				CLANG_WARN_BOOL_CONVERSION = YES;
				CLANG_WARN_COMMA = YES;
				CLANG_WARN_CONSTANT_CONVERSION = YES;
				CLANG_WARN_DEPRECATED_OBJC_IMPLEMENTATIONS = YES;
				CLANG_WARN_DIRECT_OBJC_ISA_USAGE = YES_ERROR;
				CLANG_WARN_DOCUMENTATION_COMMENTS = YES;
				CLANG_WARN_EMPTY_BODY = YES;
				CLANG_WARN_ENUM_CONVERSION = YES;
				CLANG_WARN_INFINITE_RECURSION = YES;
				CLANG_WARN_INT_CONVERSION = YES;
				CLANG_WARN_NON_LITERAL_NULL_CONVERSION = YES;
				CLANG_WARN_OBJC_IMPLICIT_RETAIN_SELF = YES;
				CLANG_WARN_OBJC_LITERAL_CONVERSION = YES;
				CLANG_WARN_OBJC_ROOT_CLASS = YES_ERROR;
				CLANG_WARN_QUOTED_INCLUDE_IN_FRAMEWORK_HEADER = YES;
				CLANG_WARN_RANGE_LOOP_ANALYSIS = YES;
				CLANG_WARN_STRICT_PROTOTYPES = YES;
				CLANG_WARN_SUSPICIOUS_MOVE = YES;
				CLANG_WARN_UNGUARDED_AVAILABILITY = YES_AGGRESSIVE;
				CLANG_WARN_UNREACHABLE_CODE = YES;
				CLANG_WARN__DUPLICATE_METHOD_MATCH = YES;
				COPY_PHASE_STRIP = NO;
				DEBUG_INFORMATION_FORMAT = "dwarf-with-dsym";
				ENABLE_NS_ASSERTIONS = NO;
				ENABLE_STRICT_OBJC_MSGSEND = YES;
				ENABLE_USER_SCRIPT_SANDBOXING = YES;
				GCC_C_LANGUAGE_STANDARD = gnu17;
				GCC_NO_COMMON_BLOCKS = YES;
				GCC_WARN_64_TO_32_BIT_CONVERSION = YES;
				GCC_WARN_ABOUT_RETURN_TYPE = YES_ERROR;
				GCC_WARN_UNDECLARED_SELECTOR = YES;
				GCC_WARN_UNINITIALIZED_AUTOS = YES_AGGRESSIVE;
				GCC_WARN_UNUSED_FUNCTION = YES;
				GCC_WARN_UNUSED_VARIABLE = YES;
				LOCALIZATION_PREFERS_STRING_CATALOGS = YES;
				MACOSX_DEPLOYMENT_TARGET = 14.0;
				MTL_ENABLE_DEBUG_INFO = NO;
				MTL_FAST_MATH = YES;
				SDKROOT = macosx;
				SWIFT_COMPILATION_MODE = wholemodule;
			};
			name = Release;
		};
		56D9FF942C9824C200F03F81 /* Debug */ = {
			isa = XCBuildConfiguration;
			buildSettings = {
				ASSETCATALOG_COMPILER_APPICON_NAME = AppIcon;
				ASSETCATALOG_COMPILER_GLOBAL_ACCENT_COLOR_NAME = AccentColor;
				CODE_SIGN_ENTITLEMENTS = ReactiveSwiftGraphicsExampleMacOS/ReactiveSwiftGraphicsExampleMacOS.entitlements;
				CODE_SIGN_STYLE = Automatic;
				COMBINE_HIDPI_IMAGES = YES;
				CURRENT_PROJECT_VERSION = 1;
				DEVELOPMENT_ASSET_PATHS = "\"ReactiveSwiftGraphicsExampleMacOS/Preview Content\"";
				DEVELOPMENT_TEAM = XH2JMYC7KB;
				ENABLE_HARDENED_RUNTIME = YES;
				ENABLE_PREVIEWS = YES;
				GENERATE_INFOPLIST_FILE = YES;
				INFOPLIST_FILE = ReactiveSwiftGraphicsExampleMacOS/Info.plist;
				INFOPLIST_KEY_NSHumanReadableCopyright = "";
				LD_RUNPATH_SEARCH_PATHS = (
					"$(inherited)",
					"@executable_path/../Frameworks",
				);
				MARKETING_VERSION = 1.0;
				PRODUCT_BUNDLE_IDENTIFIER = com.yukiny.ReactiveSwiftGraphicsExampleMacOS;
				PRODUCT_NAME = "$(TARGET_NAME)";
				SWIFT_EMIT_LOC_STRINGS = YES;
				SWIFT_VERSION = 5.0;
			};
			name = Debug;
		};
		56D9FF952C9824C200F03F81 /* Release */ = {
			isa = XCBuildConfiguration;
			buildSettings = {
				ASSETCATALOG_COMPILER_APPICON_NAME = AppIcon;
				ASSETCATALOG_COMPILER_GLOBAL_ACCENT_COLOR_NAME = AccentColor;
				CODE_SIGN_ENTITLEMENTS = ReactiveSwiftGraphicsExampleMacOS/ReactiveSwiftGraphicsExampleMacOS.entitlements;
				CODE_SIGN_STYLE = Automatic;
				COMBINE_HIDPI_IMAGES = YES;
				CURRENT_PROJECT_VERSION = 1;
				DEVELOPMENT_ASSET_PATHS = "\"ReactiveSwiftGraphicsExampleMacOS/Preview Content\"";
				DEVELOPMENT_TEAM = XH2JMYC7KB;
				ENABLE_HARDENED_RUNTIME = YES;
				ENABLE_PREVIEWS = YES;
				GENERATE_INFOPLIST_FILE = YES;
				INFOPLIST_FILE = ReactiveSwiftGraphicsExampleMacOS/Info.plist;
				INFOPLIST_KEY_NSHumanReadableCopyright = "";
				LD_RUNPATH_SEARCH_PATHS = (
					"$(inherited)",
					"@executable_path/../Frameworks",
				);
				MARKETING_VERSION = 1.0;
				PRODUCT_BUNDLE_IDENTIFIER = com.yukiny.ReactiveSwiftGraphicsExampleMacOS;
				PRODUCT_NAME = "$(TARGET_NAME)";
				SWIFT_EMIT_LOC_STRINGS = YES;
				SWIFT_VERSION = 5.0;
			};
			name = Release;
		};
/* End XCBuildConfiguration section */

/* Begin XCConfigurationList section */
		56D9FF7F2C9824C000F03F81 /* Build configuration list for PBXProject "ReactiveSwiftGraphicsExampleMacOS" */ = {
			isa = XCConfigurationList;
			buildConfigurations = (
				56D9FF912C9824C200F03F81 /* Debug */,
				56D9FF922C9824C200F03F81 /* Release */,
			);
			defaultConfigurationIsVisible = 0;
			defaultConfigurationName = Release;
		};
		56D9FF932C9824C200F03F81 /* Build configuration list for PBXNativeTarget "ReactiveSwiftGraphicsExampleMacOS" */ = {
			isa = XCConfigurationList;
			buildConfigurations = (
				56D9FF942C9824C200F03F81 /* Debug */,
				56D9FF952C9824C200F03F81 /* Release */,
			);
			defaultConfigurationIsVisible = 0;
			defaultConfigurationName = Release;
		};
/* End XCConfigurationList section */

/* Begin XCSwiftPackageProductDependency section */
		56D9FF982C9824E300F03F81 /* ReactiveSwiftGraphics */ = {
			isa = XCSwiftPackageProductDependency;
			productName = ReactiveSwiftGraphics;
		};
/* End XCSwiftPackageProductDependency section */
	};
	rootObject = 56D9FF7C2C9824C000F03F81 /* Project object */;
}
