// !$*UTF8*$!
{
	archiveVersion = 1;
	classes = {
	};
	objectVersion = 56;
	objects = {

/* Begin PBXBuildFile section */
		563B3481295A2AE400AD9EEF /* TestView.xib in Resources */ = {isa = PBXBuildFile; fileRef = 563B3480295A2AE400AD9EEF /* TestView.xib */; };
		563B3483295A86E500AD9EEF /* SketchSample2.swift in Sources */ = {isa = PBXBuildFile; fileRef = 563B3482295A86E500AD9EEF /* SketchSample2.swift */; };
		563B3485295A878D00AD9EEF /* SketchSample1.swift in Sources */ = {isa = PBXBuildFile; fileRef = 563B3484295A878D00AD9EEF /* SketchSample1.swift */; };
		56C53FEB294A689500962DD6 /* Assets.xcassets in Resources */ = {isa = PBXBuildFile; fileRef = 56C53FEA294A689500962DD6 /* Assets.xcassets */; };
		56C53FEE294A689500962DD6 /* Preview Assets.xcassets in Resources */ = {isa = PBXBuildFile; fileRef = 56C53FED294A689500962DD6 /* Preview Assets.xcassets */; };
		56C53FF8294A68AA00962DD6 /* SwiftyCreatives in Frameworks */ = {isa = PBXBuildFile; productRef = 56C53FF7294A68AA00962DD6 /* SwiftyCreatives */; };
		56C53FFA294A695300962DD6 /* ExampleiOSApp.swift in Sources */ = {isa = PBXBuildFile; fileRef = 56C53FF9294A695300962DD6 /* ExampleiOSApp.swift */; };
/* End PBXBuildFile section */

/* Begin PBXFileReference section */
		563B3480295A2AE400AD9EEF /* TestView.xib */ = {isa = PBXFileReference; lastKnownFileType = file.xib; path = TestView.xib; sourceTree = "<group>"; };
		563B3482295A86E500AD9EEF /* SketchSample2.swift */ = {isa = PBXFileReference; lastKnownFileType = sourcecode.swift; path = SketchSample2.swift; sourceTree = "<group>"; };
		563B3484295A878D00AD9EEF /* SketchSample1.swift */ = {isa = PBXFileReference; lastKnownFileType = sourcecode.swift; path = SketchSample1.swift; sourceTree = "<group>"; };
		567B053529A89B2D003207FC /* ExampleiOSApp.entitlements */ = {isa = PBXFileReference; lastKnownFileType = text.plist.entitlements; path = ExampleiOSApp.entitlements; sourceTree = "<group>"; };
		56C53FE3294A689400962DD6 /* ExampleiOSApp.app */ = {isa = PBXFileReference; explicitFileType = wrapper.application; includeInIndex = 0; path = ExampleiOSApp.app; sourceTree = BUILT_PRODUCTS_DIR; };
		56C53FEA294A689500962DD6 /* Assets.xcassets */ = {isa = PBXFileReference; lastKnownFileType = folder.assetcatalog; path = Assets.xcassets; sourceTree = "<group>"; };
		56C53FED294A689500962DD6 /* Preview Assets.xcassets */ = {isa = PBXFileReference; lastKnownFileType = folder.assetcatalog; path = "Preview Assets.xcassets"; sourceTree = "<group>"; };
		56C53FF5294A68A000962DD6 /* swifty-creatives */ = {isa = PBXFileReference; lastKnownFileType = wrapper; name = "swifty-creatives"; path = ../..; sourceTree = "<group>"; };
		56C53FF9294A695300962DD6 /* ExampleiOSApp.swift */ = {isa = PBXFileReference; fileEncoding = 4; lastKnownFileType = sourcecode.swift; path = ExampleiOSApp.swift; sourceTree = "<group>"; };
/* End PBXFileReference section */

/* Begin PBXFrameworksBuildPhase section */
		56C53FE0294A689400962DD6 /* Frameworks */ = {
			isa = PBXFrameworksBuildPhase;
			buildActionMask = 2147483647;
			files = (
				56C53FF8294A68AA00962DD6 /* SwiftyCreatives in Frameworks */,
			);
			runOnlyForDeploymentPostprocessing = 0;
		};
/* End PBXFrameworksBuildPhase section */

/* Begin PBXGroup section */
		56C53FDA294A689400962DD6 = {
			isa = PBXGroup;
			children = (
				56C53FF4294A68A000962DD6 /* Packages */,
				56C53FE5294A689400962DD6 /* ExampleiOSApp */,
				56C53FE4294A689400962DD6 /* Products */,
				56C53FF6294A68AA00962DD6 /* Frameworks */,
			);
			sourceTree = "<group>";
		};
		56C53FE4294A689400962DD6 /* Products */ = {
			isa = PBXGroup;
			children = (
				56C53FE3294A689400962DD6 /* ExampleiOSApp.app */,
			);
			name = Products;
			sourceTree = "<group>";
		};
		56C53FE5294A689400962DD6 /* ExampleiOSApp */ = {
			isa = PBXGroup;
			children = (
				567B053529A89B2D003207FC /* ExampleiOSApp.entitlements */,
				56C53FF9294A695300962DD6 /* ExampleiOSApp.swift */,
				563B3484295A878D00AD9EEF /* SketchSample1.swift */,
				563B3482295A86E500AD9EEF /* SketchSample2.swift */,
				563B3480295A2AE400AD9EEF /* TestView.xib */,
				56C53FEA294A689500962DD6 /* Assets.xcassets */,
				56C53FEC294A689500962DD6 /* Preview Content */,
			);
			path = ExampleiOSApp;
			sourceTree = "<group>";
		};
		56C53FEC294A689500962DD6 /* Preview Content */ = {
			isa = PBXGroup;
			children = (
				56C53FED294A689500962DD6 /* Preview Assets.xcassets */,
			);
			path = "Preview Content";
			sourceTree = "<group>";
		};
		56C53FF4294A68A000962DD6 /* Packages */ = {
			isa = PBXGroup;
			children = (
				56C53FF5294A68A000962DD6 /* swifty-creatives */,
			);
			name = Packages;
			sourceTree = "<group>";
		};
		56C53FF6294A68AA00962DD6 /* Frameworks */ = {
			isa = PBXGroup;
			children = (
			);
			name = Frameworks;
			sourceTree = "<group>";
		};
/* End PBXGroup section */

/* Begin PBXNativeTarget section */
		56C53FE2294A689400962DD6 /* ExampleiOSApp */ = {
			isa = PBXNativeTarget;
			buildConfigurationList = 56C53FF1294A689500962DD6 /* Build configuration list for PBXNativeTarget "ExampleiOSApp" */;
			buildPhases = (
				56C53FDF294A689400962DD6 /* Sources */,
				56C53FE0294A689400962DD6 /* Frameworks */,
				56C53FE1294A689400962DD6 /* Resources */,
			);
			buildRules = (
			);
			dependencies = (
			);
			name = ExampleiOSApp;
			packageProductDependencies = (
				56C53FF7294A68AA00962DD6 /* SwiftyCreatives */,
			);
			productName = ExampleiOSApp;
			productReference = 56C53FE3294A689400962DD6 /* ExampleiOSApp.app */;
			productType = "com.apple.product-type.application";
		};
/* End PBXNativeTarget section */

/* Begin PBXProject section */
		56C53FDB294A689400962DD6 /* Project object */ = {
			isa = PBXProject;
			attributes = {
				BuildIndependentTargetsInParallel = 1;
				LastSwiftUpdateCheck = 1400;
				LastUpgradeCheck = 1400;
				TargetAttributes = {
					56C53FE2294A689400962DD6 = {
						CreatedOnToolsVersion = 14.0.1;
						LastSwiftMigration = 1400;
					};
				};
			};
			buildConfigurationList = 56C53FDE294A689400962DD6 /* Build configuration list for PBXProject "ExampleiOSApp" */;
			compatibilityVersion = "Xcode 14.0";
			developmentRegion = en;
			hasScannedForEncodings = 0;
			knownRegions = (
				en,
				Base,
			);
			mainGroup = 56C53FDA294A689400962DD6;
			productRefGroup = 56C53FE4294A689400962DD6 /* Products */;
			projectDirPath = "";
			projectRoot = "";
			targets = (
				56C53FE2294A689400962DD6 /* ExampleiOSApp */,
			);
		};
/* End PBXProject section */

/* Begin PBXResourcesBuildPhase section */
		56C53FE1294A689400962DD6 /* Resources */ = {
			isa = PBXResourcesBuildPhase;
			buildActionMask = 2147483647;
			files = (
				563B3481295A2AE400AD9EEF /* TestView.xib in Resources */,
				56C53FEE294A689500962DD6 /* Preview Assets.xcassets in Resources */,
				56C53FEB294A689500962DD6 /* Assets.xcassets in Resources */,
			);
			runOnlyForDeploymentPostprocessing = 0;
		};
/* End PBXResourcesBuildPhase section */

/* Begin PBXSourcesBuildPhase section */
		56C53FDF294A689400962DD6 /* Sources */ = {
			isa = PBXSourcesBuildPhase;
			buildActionMask = 2147483647;
			files = (
				563B3485295A878D00AD9EEF /* SketchSample1.swift in Sources */,
				563B3483295A86E500AD9EEF /* SketchSample2.swift in Sources */,
				56C53FFA294A695300962DD6 /* ExampleiOSApp.swift in Sources */,
			);
			runOnlyForDeploymentPostprocessing = 0;
		};
/* End PBXSourcesBuildPhase section */

/* Begin XCBuildConfiguration section */
		56C53FEF294A689500962DD6 /* Debug */ = {
			isa = XCBuildConfiguration;
			buildSettings = {
				ALWAYS_SEARCH_USER_PATHS = NO;
				CLANG_ANALYZER_NONNULL = YES;
				CLANG_ANALYZER_NUMBER_OBJECT_CONVERSION = YES_AGGRESSIVE;
				CLANG_CXX_LANGUAGE_STANDARD = "gnu++20";
				CLANG_ENABLE_MODULES = YES;
				CLANG_ENABLE_OBJC_ARC = YES;
				CLANG_ENABLE_OBJC_WEAK = YES;
				CLANG_WARN_BLOCK_CAPTURE_AUTORELEASING = YES;
				CLANG_WARN_BOOL_CONVERSION = YES;
				CLANG_WARN_COMMA = YES;
				CLANG_WARN_CONSTANT_CONVERSION = YES;
				CLANG_WARN_DEPRECATED_OBJC_IMPLEMENTATIONS = YES;
				CLANG_WARN_DIRECT_OBJC_ISA_USAGE = YES_ERROR;
				CLANG_WARN_DOCUMENTATION_COMMENTS = YES;
				CLANG_WARN_EMPTY_BODY = YES;
				CLANG_WARN_ENUM_CONVERSION = YES;
				CLANG_WARN_INFINITE_RECURSION = YES;
				CLANG_WARN_INT_CONVERSION = YES;
				CLANG_WARN_NON_LITERAL_NULL_CONVERSION = YES;
				CLANG_WARN_OBJC_IMPLICIT_RETAIN_SELF = YES;
				CLANG_WARN_OBJC_LITERAL_CONVERSION = YES;
				CLANG_WARN_OBJC_ROOT_CLASS = YES_ERROR;
				CLANG_WARN_QUOTED_INCLUDE_IN_FRAMEWORK_HEADER = YES;
				CLANG_WARN_RANGE_LOOP_ANALYSIS = YES;
				CLANG_WARN_STRICT_PROTOTYPES = YES;
				CLANG_WARN_SUSPICIOUS_MOVE = YES;
				CLANG_WARN_UNGUARDED_AVAILABILITY = YES_AGGRESSIVE;
				CLANG_WARN_UNREACHABLE_CODE = YES;
				CLANG_WARN__DUPLICATE_METHOD_MATCH = YES;
				COPY_PHASE_STRIP = NO;
				DEBUG_INFORMATION_FORMAT = dwarf;
				ENABLE_STRICT_OBJC_MSGSEND = YES;
				ENABLE_TESTABILITY = YES;
				GCC_C_LANGUAGE_STANDARD = gnu11;
				GCC_DYNAMIC_NO_PIC = NO;
				GCC_NO_COMMON_BLOCKS = YES;
				GCC_OPTIMIZATION_LEVEL = 0;
				GCC_PREPROCESSOR_DEFINITIONS = (
					"DEBUG=1",
					"$(inherited)",
				);
				GCC_WARN_64_TO_32_BIT_CONVERSION = YES;
				GCC_WARN_ABOUT_RETURN_TYPE = YES_ERROR;
				GCC_WARN_UNDECLARED_SELECTOR = YES;
				GCC_WARN_UNINITIALIZED_AUTOS = YES_AGGRESSIVE;
				GCC_WARN_UNUSED_FUNCTION = YES;
				GCC_WARN_UNUSED_VARIABLE = YES;
				IPHONEOS_DEPLOYMENT_TARGET = 16.0;
				MTL_ENABLE_DEBUG_INFO = INCLUDE_SOURCE;
				MTL_FAST_MATH = YES;
				ONLY_ACTIVE_ARCH = YES;
				SDKROOT = iphoneos;
				SWIFT_ACTIVE_COMPILATION_CONDITIONS = DEBUG;
				SWIFT_OPTIMIZATION_LEVEL = "-Onone";
			};
			name = Debug;
		};
		56C53FF0294A689500962DD6 /* Release */ = {
			isa = XCBuildConfiguration;
			buildSettings = {
				ALWAYS_SEARCH_USER_PATHS = NO;
				CLANG_ANALYZER_NONNULL = YES;
				CLANG_ANALYZER_NUMBER_OBJECT_CONVERSION = YES_AGGRESSIVE;
				CLANG_CXX_LANGUAGE_STANDARD = "gnu++20";
				CLANG_ENABLE_MODULES = YES;
				CLANG_ENABLE_OBJC_ARC = YES;
				CLANG_ENABLE_OBJC_WEAK = YES;
				CLANG_WARN_BLOCK_CAPTURE_AUTORELEASING = YES;
				CLANG_WARN_BOOL_CONVERSION = YES;
				CLANG_WARN_COMMA = YES;
				CLANG_WARN_CONSTANT_CONVERSION = YES;
				CLANG_WARN_DEPRECATED_OBJC_IMPLEMENTATIONS = YES;
				CLANG_WARN_DIRECT_OBJC_ISA_USAGE = YES_ERROR;
				CLANG_WARN_DOCUMENTATION_COMMENTS = YES;
				CLANG_WARN_EMPTY_BODY = YES;
				CLANG_WARN_ENUM_CONVERSION = YES;
				CLANG_WARN_INFINITE_RECURSION = YES;
				CLANG_WARN_INT_CONVERSION = YES;
				CLANG_WARN_NON_LITERAL_NULL_CONVERSION = YES;
				CLANG_WARN_OBJC_IMPLICIT_RETAIN_SELF = YES;
				CLANG_WARN_OBJC_LITERAL_CONVERSION = YES;
				CLANG_WARN_OBJC_ROOT_CLASS = YES_ERROR;
				CLANG_WARN_QUOTED_INCLUDE_IN_FRAMEWORK_HEADER = YES;
				CLANG_WARN_RANGE_LOOP_ANALYSIS = YES;
				CLANG_WARN_STRICT_PROTOTYPES = YES;
				CLANG_WARN_SUSPICIOUS_MOVE = YES;
				CLANG_WARN_UNGUARDED_AVAILABILITY = YES_AGGRESSIVE;
				CLANG_WARN_UNREACHABLE_CODE = YES;
				CLANG_WARN__DUPLICATE_METHOD_MATCH = YES;
				COPY_PHASE_STRIP = NO;
				DEBUG_INFORMATION_FORMAT = "dwarf-with-dsym";
				ENABLE_NS_ASSERTIONS = NO;
				ENABLE_STRICT_OBJC_MSGSEND = YES;
				GCC_C_LANGUAGE_STANDARD = gnu11;
				GCC_NO_COMMON_BLOCKS = YES;
				GCC_WARN_64_TO_32_BIT_CONVERSION = YES;
				GCC_WARN_ABOUT_RETURN_TYPE = YES_ERROR;
				GCC_WARN_UNDECLARED_SELECTOR = YES;
				GCC_WARN_UNINITIALIZED_AUTOS = YES_AGGRESSIVE;
				GCC_WARN_UNUSED_FUNCTION = YES;
				GCC_WARN_UNUSED_VARIABLE = YES;
				IPHONEOS_DEPLOYMENT_TARGET = 16.0;
				MTL_ENABLE_DEBUG_INFO = NO;
				MTL_FAST_MATH = YES;
				SDKROOT = iphoneos;
				SWIFT_COMPILATION_MODE = wholemodule;
				SWIFT_OPTIMIZATION_LEVEL = "-O";
				VALIDATE_PRODUCT = YES;
			};
			name = Release;
		};
		56C53FF2294A689500962DD6 /* Debug */ = {
			isa = XCBuildConfiguration;
			buildSettings = {
				ASSETCATALOG_COMPILER_APPICON_NAME = AppIcon;
				ASSETCATALOG_COMPILER_GLOBAL_ACCENT_COLOR_NAME = AccentColor;
				CLANG_ENABLE_MODULES = YES;
				CODE_SIGN_ENTITLEMENTS = ExampleiOSApp/ExampleiOSApp.entitlements;
				CODE_SIGN_STYLE = Automatic;
				CURRENT_PROJECT_VERSION = 1;
				DEVELOPMENT_ASSET_PATHS = "\"ExampleiOSApp/Preview Content\"";
				DEVELOPMENT_TEAM = 7KBT9HS966;
				ENABLE_PREVIEWS = YES;
				GENERATE_INFOPLIST_FILE = YES;
				INFOPLIST_KEY_UIApplicationSceneManifest_Generation = YES;
				INFOPLIST_KEY_UIApplicationSupportsIndirectInputEvents = YES;
				INFOPLIST_KEY_UILaunchScreen_Generation = YES;
				INFOPLIST_KEY_UISupportedInterfaceOrientations_iPad = "UIInterfaceOrientationPortrait UIInterfaceOrientationPortraitUpsideDown UIInterfaceOrientationLandscapeLeft UIInterfaceOrientationLandscapeRight";
				INFOPLIST_KEY_UISupportedInterfaceOrientations_iPhone = "UIInterfaceOrientationPortrait UIInterfaceOrientationLandscapeLeft UIInterfaceOrientationLandscapeRight";
				LD_RUNPATH_SEARCH_PATHS = (
					"$(inherited)",
					"@executable_path/Frameworks",
				);
				MARKETING_VERSION = 1.0;
				PRODUCT_BUNDLE_IDENTIFIER = com.yukiny.swiftyCreatives.ExampleiOSApp;
				PRODUCT_NAME = "$(TARGET_NAME)";
				SUPPORTED_PLATFORMS = "iphoneos iphonesimulator";
				SUPPORTS_MACCATALYST = YES;
				SUPPORTS_MAC_DESIGNED_FOR_IPHONE_IPAD = NO;
				SWIFT_EMIT_LOC_STRINGS = YES;
				SWIFT_OPTIMIZATION_LEVEL = "-Onone";
				SWIFT_VERSION = 5.0;
				TARGETED_DEVICE_FAMILY = "1,2";
			};
			name = Debug;
		};
		56C53FF3294A689500962DD6 /* Release */ = {
			isa = XCBuildConfiguration;
			buildSettings = {
				ASSETCATALOG_COMPILER_APPICON_NAME = AppIcon;
				ASSETCATALOG_COMPILER_GLOBAL_ACCENT_COLOR_NAME = AccentColor;
				CLANG_ENABLE_MODULES = YES;
				CODE_SIGN_ENTITLEMENTS = ExampleiOSApp/ExampleiOSApp.entitlements;
				CODE_SIGN_STYLE = Automatic;
				CURRENT_PROJECT_VERSION = 1;
				DEVELOPMENT_ASSET_PATHS = "\"ExampleiOSApp/Preview Content\"";
				DEVELOPMENT_TEAM = 7KBT9HS966;
				ENABLE_PREVIEWS = YES;
				GENERATE_INFOPLIST_FILE = YES;
				INFOPLIST_KEY_UIApplicationSceneManifest_Generation = YES;
				INFOPLIST_KEY_UIApplicationSupportsIndirectInputEvents = YES;
				INFOPLIST_KEY_UILaunchScreen_Generation = YES;
				INFOPLIST_KEY_UISupportedInterfaceOrientations_iPad = "UIInterfaceOrientationPortrait UIInterfaceOrientationPortraitUpsideDown UIInterfaceOrientationLandscapeLeft UIInterfaceOrientationLandscapeRight";
				INFOPLIST_KEY_UISupportedInterfaceOrientations_iPhone = "UIInterfaceOrientationPortrait UIInterfaceOrientationLandscapeLeft UIInterfaceOrientationLandscapeRight";
				LD_RUNPATH_SEARCH_PATHS = (
					"$(inherited)",
					"@executable_path/Frameworks",
				);
				MARKETING_VERSION = 1.0;
				PRODUCT_BUNDLE_IDENTIFIER = com.yukiny.swiftyCreatives.ExampleiOSApp;
				PRODUCT_NAME = "$(TARGET_NAME)";
				SUPPORTED_PLATFORMS = "iphoneos iphonesimulator";
				SUPPORTS_MACCATALYST = YES;
				SUPPORTS_MAC_DESIGNED_FOR_IPHONE_IPAD = NO;
				SWIFT_EMIT_LOC_STRINGS = YES;
				SWIFT_VERSION = 5.0;
				TARGETED_DEVICE_FAMILY = "1,2";
			};
			name = Release;
		};
/* End XCBuildConfiguration section */

/* Begin XCConfigurationList section */
		56C53FDE294A689400962DD6 /* Build configuration list for PBXProject "ExampleiOSApp" */ = {
			isa = XCConfigurationList;
			buildConfigurations = (
				56C53FEF294A689500962DD6 /* Debug */,
				56C53FF0294A689500962DD6 /* Release */,
			);
			defaultConfigurationIsVisible = 0;
			defaultConfigurationName = Release;
		};
		56C53FF1294A689500962DD6 /* Build configuration list for PBXNativeTarget "ExampleiOSApp" */ = {
			isa = XCConfigurationList;
			buildConfigurations = (
				56C53FF2294A689500962DD6 /* Debug */,
				56C53FF3294A689500962DD6 /* Release */,
			);
			defaultConfigurationIsVisible = 0;
			defaultConfigurationName = Release;
		};
/* End XCConfigurationList section */

/* Begin XCSwiftPackageProductDependency section */
		56C53FF7294A68AA00962DD6 /* SwiftyCreatives */ = {
			isa = XCSwiftPackageProductDependency;
			productName = SwiftyCreatives;
		};
/* End XCSwiftPackageProductDependency section */
	};
	rootObject = 56C53FDB294A689400962DD6 /* Project object */;
}
